
Microsoft Visual Studio Solution File, Format Version 12.00
# Visual Studio Version 17
VisualStudioVersion = 17.1.32210.238
MinimumVisualStudioVersion = 10.0.40219.1
Project("{FAE04EC0-301F-11D3-BF4B-00C04F79EFBC}") = "ABCPublication.Web", "ABCPublication.Web\ABCPublication.Web.csproj", "{6886FEEE-8582-42D5-9DF9-601D9295C205}"
EndProject
Project("{FAE04EC0-301F-11D3-BF4B-00C04F79EFBC}") = "ABCPublication.Test", "ABCPublication.Test\ABCPublication.Test.csproj", "{07D1DC91-EBD4-4379-8B7D-9E837D45C6A0}"
EndProject
Global
	GlobalSection(SolutionConfigurationPlatforms) = preSolution
		Debug|Any CPU = Debug|Any CPU
		Release|Any CPU = Release|Any CPU
	EndGlobalSection
	GlobalSection(ProjectConfigurationPlatforms) = postSolution
		{6886FEEE-8582-42D5-9DF9-601D9295C205}.Debug|Any CPU.ActiveCfg = Debug|Any CPU
		{6886FEEE-8582-42D5-9DF9-601D9295C205}.Debug|Any CPU.Build.0 = Debug|Any CPU
		{6886FEEE-8582-42D5-9DF9-601D9295C205}.Release|Any CPU.ActiveCfg = Release|Any CPU
		{6886FEEE-8582-42D5-9DF9-601D9295C205}.Release|Any CPU.Build.0 = Release|Any CPU
		{07D1DC91-EBD4-4379-8B7D-9E837D45C6A0}.Debug|Any CPU.ActiveCfg = Debug|Any CPU
		{07D1DC91-EBD4-4379-8B7D-9E837D45C6A0}.Debug|Any CPU.Build.0 = Debug|Any CPU
		{07D1DC91-EBD4-4379-8B7D-9E837D45C6A0}.Release|Any CPU.ActiveCfg = Release|Any CPU
		{07D1DC91-EBD4-4379-8B7D-9E837D45C6A0}.Release|Any CPU.Build.0 = Release|Any CPU
	EndGlobalSection
	GlobalSection(SolutionProperties) = preSolution
		HideSolutionNode = FALSE
	EndGlobalSection
	GlobalSection(ExtensibilityGlobals) = postSolution
		SolutionGuid = {37390366-B6A6-4AC6-A0C5-C4E0568E45A5}
	EndGlobalSection
EndGlobal
